
Microsoft Visual Studio Solution File, Format Version 12.00
# Visual Studio Version 16
VisualStudioVersion = 16.0.31019.35
MinimumVisualStudioVersion = 10.0.40219.1
Project("{FAE04EC0-301F-11D3-BF4B-00C04F79EFBC}") = "ConsoleApp17", "ConsoleApp17\ConsoleApp17.csproj", "{1AFFB1F7-CBD9-4046-B679-5A9BE42AAD8C}"
EndProject
Global
	GlobalSection(SolutionConfigurationPlatforms) = preSolution
		Debug|Any CPU = Debug|Any CPU
		Release|Any CPU = Release|Any CPU
	EndGlobalSection
	GlobalSection(ProjectConfigurationPlatforms) = postSolution
		{1AFFB1F7-CBD9-4046-B679-5A9BE42AAD8C}.Debug|Any CPU.ActiveCfg = Debug|Any CPU
		{1AFFB1F7-CBD9-4046-B679-5A9BE42AAD8C}.Debug|Any CPU.Build.0 = Debug|Any CPU
		{1AFFB1F7-CBD9-4046-B679-5A9BE42AAD8C}.Release|Any CPU.ActiveCfg = Release|Any CPU
		{1AFFB1F7-CBD9-4046-B679-5A9BE42AAD8C}.Release|Any CPU.Build.0 = Release|Any CPU
	EndGlobalSection
	GlobalSection(SolutionProperties) = preSolution
		HideSolutionNode = FALSE
	EndGlobalSection
	GlobalSection(ExtensibilityGlobals) = postSolution
		SolutionGuid = {FAE9332A-B365-44E3-8E6D-F890A8B80BF6}
	EndGlobalSection
EndGlobal
