
Microsoft Visual Studio Solution File, Format Version 12.00
# Visual Studio Version 16
VisualStudioVersion = 16.0.31019.35
MinimumVisualStudioVersion = 10.0.40219.1
Project("{FAE04EC0-301F-11D3-BF4B-00C04F79EFBC}") = "Aplikasi Switch 1", "Aplikasi Switch 1\Aplikasi Switch 1.csproj", "{419BCE75-EDE2-4C72-B6D6-C6A551118882}"
EndProject
Global
	GlobalSection(SolutionConfigurationPlatforms) = preSolution
		Debug|Any CPU = Debug|Any CPU
		Release|Any CPU = Release|Any CPU
	EndGlobalSection
	GlobalSection(ProjectConfigurationPlatforms) = postSolution
		{419BCE75-EDE2-4C72-B6D6-C6A551118882}.Debug|Any CPU.ActiveCfg = Debug|Any CPU
		{419BCE75-EDE2-4C72-B6D6-C6A551118882}.Debug|Any CPU.Build.0 = Debug|Any CPU
		{419BCE75-EDE2-4C72-B6D6-C6A551118882}.Release|Any CPU.ActiveCfg = Release|Any CPU
		{419BCE75-EDE2-4C72-B6D6-C6A551118882}.Release|Any CPU.Build.0 = Release|Any CPU
	EndGlobalSection
	GlobalSection(SolutionProperties) = preSolution
		HideSolutionNode = FALSE
	EndGlobalSection
	GlobalSection(ExtensibilityGlobals) = postSolution
		SolutionGuid = {6953C4A2-7891-4544-8036-5A423F2456A9}
	EndGlobalSection
EndGlobal
