
Microsoft Visual Studio Solution File, Format Version 12.00
# Visual Studio Version 16
VisualStudioVersion = 16.0.31019.35
MinimumVisualStudioVersion = 10.0.40219.1
Project("{FAE04EC0-301F-11D3-BF4B-00C04F79EFBC}") = "ConsoleApp2", "ConsoleApp2\ConsoleApp2.csproj", "{1EA4A50E-AFA1-4041-90B2-874FC809065E}"
EndProject
Global
	GlobalSection(SolutionConfigurationPlatforms) = preSolution
		Debug|Any CPU = Debug|Any CPU
		Release|Any CPU = Release|Any CPU
	EndGlobalSection
	GlobalSection(ProjectConfigurationPlatforms) = postSolution
		{1EA4A50E-AFA1-4041-90B2-874FC809065E}.Debug|Any CPU.ActiveCfg = Debug|Any CPU
		{1EA4A50E-AFA1-4041-90B2-874FC809065E}.Debug|Any CPU.Build.0 = Debug|Any CPU
		{1EA4A50E-AFA1-4041-90B2-874FC809065E}.Release|Any CPU.ActiveCfg = Release|Any CPU
		{1EA4A50E-AFA1-4041-90B2-874FC809065E}.Release|Any CPU.Build.0 = Release|Any CPU
	EndGlobalSection
	GlobalSection(SolutionProperties) = preSolution
		HideSolutionNode = FALSE
	EndGlobalSection
	GlobalSection(ExtensibilityGlobals) = postSolution
		SolutionGuid = {1B6C6C55-69F8-408E-9272-86358C3B2C02}
	EndGlobalSection
EndGlobal
