
Microsoft Visual Studio Solution File, Format Version 12.00
# Visual Studio Version 16
VisualStudioVersion = 16.0.31019.35
MinimumVisualStudioVersion = 10.0.40219.1
Project("{FAE04EC0-301F-11D3-BF4B-00C04F79EFBC}") = "assgs3A2", "assgs3A2\assgs3A2.csproj", "{ED156F6B-FCBD-4389-87A7-6FD293A0D4CD}"
EndProject
Global
	GlobalSection(SolutionConfigurationPlatforms) = preSolution
		Debug|Any CPU = Debug|Any CPU
		Release|Any CPU = Release|Any CPU
	EndGlobalSection
	GlobalSection(ProjectConfigurationPlatforms) = postSolution
		{ED156F6B-FCBD-4389-87A7-6FD293A0D4CD}.Debug|Any CPU.ActiveCfg = Debug|Any CPU
		{ED156F6B-FCBD-4389-87A7-6FD293A0D4CD}.Debug|Any CPU.Build.0 = Debug|Any CPU
		{ED156F6B-FCBD-4389-87A7-6FD293A0D4CD}.Release|Any CPU.ActiveCfg = Release|Any CPU
		{ED156F6B-FCBD-4389-87A7-6FD293A0D4CD}.Release|Any CPU.Build.0 = Release|Any CPU
	EndGlobalSection
	GlobalSection(SolutionProperties) = preSolution
		HideSolutionNode = FALSE
	EndGlobalSection
	GlobalSection(ExtensibilityGlobals) = postSolution
		SolutionGuid = {1445AB40-614C-4A96-9477-370E941D1F6D}
	EndGlobalSection
EndGlobal
