
Microsoft Visual Studio Solution File, Format Version 12.00
# Visual Studio Version 16
VisualStudioVersion = 16.0.31019.35
MinimumVisualStudioVersion = 10.0.40219.1
Project("{FAE04EC0-301F-11D3-BF4B-00C04F79EFBC}") = "ConsoleApp16", "ConsoleApp16\ConsoleApp16.csproj", "{EF060FCD-B5E1-4DE3-B0C6-0CB990F066E4}"
EndProject
Global
	GlobalSection(SolutionConfigurationPlatforms) = preSolution
		Debug|Any CPU = Debug|Any CPU
		Release|Any CPU = Release|Any CPU
	EndGlobalSection
	GlobalSection(ProjectConfigurationPlatforms) = postSolution
		{EF060FCD-B5E1-4DE3-B0C6-0CB990F066E4}.Debug|Any CPU.ActiveCfg = Debug|Any CPU
		{EF060FCD-B5E1-4DE3-B0C6-0CB990F066E4}.Debug|Any CPU.Build.0 = Debug|Any CPU
		{EF060FCD-B5E1-4DE3-B0C6-0CB990F066E4}.Release|Any CPU.ActiveCfg = Release|Any CPU
		{EF060FCD-B5E1-4DE3-B0C6-0CB990F066E4}.Release|Any CPU.Build.0 = Release|Any CPU
	EndGlobalSection
	GlobalSection(SolutionProperties) = preSolution
		HideSolutionNode = FALSE
	EndGlobalSection
	GlobalSection(ExtensibilityGlobals) = postSolution
		SolutionGuid = {242E668D-E1A2-402F-8CF0-5A9F23F7A4B1}
	EndGlobalSection
EndGlobal
