
Microsoft Visual Studio Solution File, Format Version 12.00
# Visual Studio Version 16
VisualStudioVersion = 16.0.31019.35
MinimumVisualStudioVersion = 10.0.40219.1
Project("{FAE04EC0-301F-11D3-BF4B-00C04F79EFBC}") = "ConsoleApp6", "ConsoleApp6\ConsoleApp6.csproj", "{8BBF4B26-E5BD-44BC-A844-D73F6E658CF4}"
EndProject
Global
	GlobalSection(SolutionConfigurationPlatforms) = preSolution
		Debug|Any CPU = Debug|Any CPU
		Release|Any CPU = Release|Any CPU
	EndGlobalSection
	GlobalSection(ProjectConfigurationPlatforms) = postSolution
		{8BBF4B26-E5BD-44BC-A844-D73F6E658CF4}.Debug|Any CPU.ActiveCfg = Debug|Any CPU
		{8BBF4B26-E5BD-44BC-A844-D73F6E658CF4}.Debug|Any CPU.Build.0 = Debug|Any CPU
		{8BBF4B26-E5BD-44BC-A844-D73F6E658CF4}.Release|Any CPU.ActiveCfg = Release|Any CPU
		{8BBF4B26-E5BD-44BC-A844-D73F6E658CF4}.Release|Any CPU.Build.0 = Release|Any CPU
	EndGlobalSection
	GlobalSection(SolutionProperties) = preSolution
		HideSolutionNode = FALSE
	EndGlobalSection
	GlobalSection(ExtensibilityGlobals) = postSolution
		SolutionGuid = {9478D824-495F-4900-9CC1-4258832C6F91}
	EndGlobalSection
EndGlobal
