
Microsoft Visual Studio Solution File, Format Version 12.00
# Visual Studio Version 16
VisualStudioVersion = 16.0.31019.35
MinimumVisualStudioVersion = 10.0.40219.1
Project("{FAE04EC0-301F-11D3-BF4B-00C04F79EFBC}") = "Sample Stack Using Linked List", "Sample Stack Using Linked List\Sample Stack Using Linked List.csproj", "{51C38664-E6DB-488A-AE9E-3BB5EC25AD31}"
EndProject
Global
	GlobalSection(SolutionConfigurationPlatforms) = preSolution
		Debug|Any CPU = Debug|Any CPU
		Release|Any CPU = Release|Any CPU
	EndGlobalSection
	GlobalSection(ProjectConfigurationPlatforms) = postSolution
		{51C38664-E6DB-488A-AE9E-3BB5EC25AD31}.Debug|Any CPU.ActiveCfg = Debug|Any CPU
		{51C38664-E6DB-488A-AE9E-3BB5EC25AD31}.Debug|Any CPU.Build.0 = Debug|Any CPU
		{51C38664-E6DB-488A-AE9E-3BB5EC25AD31}.Release|Any CPU.ActiveCfg = Release|Any CPU
		{51C38664-E6DB-488A-AE9E-3BB5EC25AD31}.Release|Any CPU.Build.0 = Release|Any CPU
	EndGlobalSection
	GlobalSection(SolutionProperties) = preSolution
		HideSolutionNode = FALSE
	EndGlobalSection
	GlobalSection(ExtensibilityGlobals) = postSolution
		SolutionGuid = {2E0A238B-E863-46F3-924B-23E5657E98F6}
	EndGlobalSection
EndGlobal
