
Microsoft Visual Studio Solution File, Format Version 12.00
# Visual Studio Version 16
VisualStudioVersion = 16.0.31019.35
MinimumVisualStudioVersion = 10.0.40219.1
Project("{FAE04EC0-301F-11D3-BF4B-00C04F79EFBC}") = "app kasir", "app kasir\app kasir.csproj", "{B6AB576F-42D2-4450-AEE5-1E64742D6597}"
EndProject
Global
	GlobalSection(SolutionConfigurationPlatforms) = preSolution
		Debug|Any CPU = Debug|Any CPU
		Release|Any CPU = Release|Any CPU
	EndGlobalSection
	GlobalSection(ProjectConfigurationPlatforms) = postSolution
		{B6AB576F-42D2-4450-AEE5-1E64742D6597}.Debug|Any CPU.ActiveCfg = Debug|Any CPU
		{B6AB576F-42D2-4450-AEE5-1E64742D6597}.Debug|Any CPU.Build.0 = Debug|Any CPU
		{B6AB576F-42D2-4450-AEE5-1E64742D6597}.Release|Any CPU.ActiveCfg = Release|Any CPU
		{B6AB576F-42D2-4450-AEE5-1E64742D6597}.Release|Any CPU.Build.0 = Release|Any CPU
	EndGlobalSection
	GlobalSection(SolutionProperties) = preSolution
		HideSolutionNode = FALSE
	EndGlobalSection
	GlobalSection(ExtensibilityGlobals) = postSolution
		SolutionGuid = {9844ECFD-890F-4C2D-9EF9-B7601C054078}
	EndGlobalSection
EndGlobal
